// !$*UTF8*$!
{
	archiveVersion = 1;
	classes = {
	};
	objectVersion = 56;
	objects = {

/* Begin PBXBuildFile section */
		E02C6EB62A76E8E40090D210 /* AppDelegate.swift in Sources */ = {isa = PBXBuildFile; fileRef = E02C6EB52A76E8E40090D210 /* AppDelegate.swift */; };
		E02C6EB82A76E8E40090D210 /* SceneDelegate.swift in Sources */ = {isa = PBXBuildFile; fileRef = E02C6EB72A76E8E40090D210 /* SceneDelegate.swift */; };
		E02C6EBA2A76E8E40090D210 /* ViewController.swift in Sources */ = {isa = PBXBuildFile; fileRef = E02C6EB92A76E8E40090D210 /* ViewController.swift */; };
		E02C6EBD2A76E8E40090D210 /* Main.storyboard in Resources */ = {isa = PBXBuildFile; fileRef = E02C6EBB2A76E8E40090D210 /* Main.storyboard */; };
		E02C6EBF2A76E8E80090D210 /* Assets.xcassets in Resources */ = {isa = PBXBuildFile; fileRef = E02C6EBE2A76E8E80090D210 /* Assets.xcassets */; };
		E02C6EC22A76E8E80090D210 /* LaunchScreen.storyboard in Resources */ = {isa = PBXBuildFile; fileRef = E02C6EC02A76E8E80090D210 /* LaunchScreen.storyboard */; };
		E02C6ECD2A76E8E90090D210 /* FoodAppTests.swift in Sources */ = {isa = PBXBuildFile; fileRef = E02C6ECC2A76E8E90090D210 /* FoodAppTests.swift */; };
		E02C6ED72A76E8E90090D210 /* FoodAppUITests.swift in Sources */ = {isa = PBXBuildFile; fileRef = E02C6ED62A76E8E90090D210 /* FoodAppUITests.swift */; };
		E02C6ED92A76E8E90090D210 /* FoodAppUITestsLaunchTests.swift in Sources */ = {isa = PBXBuildFile; fileRef = E02C6ED82A76E8E90090D210 /* FoodAppUITestsLaunchTests.swift */; };
/* End PBXBuildFile section */

/* Begin PBXContainerItemProxy section */
		E02C6EC92A76E8E90090D210 /* PBXContainerItemProxy */ = {
			isa = PBXContainerItemProxy;
			containerPortal = E02C6EAA2A76E8E40090D210 /* Project object */;
			proxyType = 1;
			remoteGlobalIDString = E02C6EB12A76E8E40090D210;
			remoteInfo = FoodApp;
		};
		E02C6ED32A76E8E90090D210 /* PBXContainerItemProxy */ = {
			isa = PBXContainerItemProxy;
			containerPortal = E02C6EAA2A76E8E40090D210 /* Project object */;
			proxyType = 1;
			remoteGlobalIDString = E02C6EB12A76E8E40090D210;
			remoteInfo = FoodApp;
		};
/* End PBXContainerItemProxy section */

/* Begin PBXFileReference section */
		E02C6EB22A76E8E40090D210 /* FoodApp.app */ = {isa = PBXFileReference; explicitFileType = wrapper.application; includeInIndex = 0; path = FoodApp.app; sourceTree = BUILT_PRODUCTS_DIR; };
		E02C6EB52A76E8E40090D210 /* AppDelegate.swift */ = {isa = PBXFileReference; lastKnownFileType = sourcecode.swift; path = AppDelegate.swift; sourceTree = "<group>"; };
		E02C6EB72A76E8E40090D210 /* SceneDelegate.swift */ = {isa = PBXFileReference; lastKnownFileType = sourcecode.swift; path = SceneDelegate.swift; sourceTree = "<group>"; };
		E02C6EB92A76E8E40090D210 /* ViewController.swift */ = {isa = PBXFileReference; lastKnownFileType = sourcecode.swift; path = ViewController.swift; sourceTree = "<group>"; };
		E02C6EBC2A76E8E40090D210 /* Base */ = {isa = PBXFileReference; lastKnownFileType = file.storyboard; name = Base; path = Base.lproj/Main.storyboard; sourceTree = "<group>"; };
		E02C6EBE2A76E8E80090D210 /* Assets.xcassets */ = {isa = PBXFileReference; lastKnownFileType = folder.assetcatalog; path = Assets.xcassets; sourceTree = "<group>"; };
		E02C6EC12A76E8E80090D210 /* Base */ = {isa = PBXFileReference; lastKnownFileType = file.storyboard; name = Base; path = Base.lproj/LaunchScreen.storyboard; sourceTree = "<group>"; };
		E02C6EC32A76E8E80090D210 /* Info.plist */ = {isa = PBXFileReference; lastKnownFileType = text.plist.xml; path = Info.plist; sourceTree = "<group>"; };
		E02C6EC82A76E8E90090D210 /* FoodAppTests.xctest */ = {isa = PBXFileReference; explicitFileType = wrapper.cfbundle; includeInIndex = 0; path = FoodAppTests.xctest; sourceTree = BUILT_PRODUCTS_DIR; };
		E02C6ECC2A76E8E90090D210 /* FoodAppTests.swift */ = {isa = PBXFileReference; lastKnownFileType = sourcecode.swift; path = FoodAppTests.swift; sourceTree = "<group>"; };
		E02C6ED22A76E8E90090D210 /* FoodAppUITests.xctest */ = {isa = PBXFileReference; explicitFileType = wrapper.cfbundle; includeInIndex = 0; path = FoodAppUITests.xctest; sourceTree = BUILT_PRODUCTS_DIR; };
		E02C6ED62A76E8E90090D210 /* FoodAppUITests.swift */ = {isa = PBXFileReference; lastKnownFileType = sourcecode.swift; path = FoodAppUITests.swift; sourceTree = "<group>"; };
		E02C6ED82A76E8E90090D210 /* FoodAppUITestsLaunchTests.swift */ = {isa = PBXFileReference; lastKnownFileType = sourcecode.swift; path = FoodAppUITestsLaunchTests.swift; sourceTree = "<group>"; };
/* End PBXFileReference section */

/* Begin PBXFrameworksBuildPhase section */
		E02C6EAF2A76E8E40090D210 /* Frameworks */ = {
			isa = PBXFrameworksBuildPhase;
			buildActionMask = 2147483647;
			files = (
			);
			runOnlyForDeploymentPostprocessing = 0;
		};
		E02C6EC52A76E8E90090D210 /* Frameworks */ = {
			isa = PBXFrameworksBuildPhase;
			buildActionMask = 2147483647;
			files = (
			);
			runOnlyForDeploymentPostprocessing = 0;
		};
		E02C6ECF2A76E8E90090D210 /* Frameworks */ = {
			isa = PBXFrameworksBuildPhase;
			buildActionMask = 2147483647;
			files = (
			);
			runOnlyForDeploymentPostprocessing = 0;
		};
/* End PBXFrameworksBuildPhase section */

/* Begin PBXGroup section */
		E02C6EA92A76E8E40090D210 = {
			isa = PBXGroup;
			children = (
				E02C6EB42A76E8E40090D210 /* FoodApp */,
				E02C6ECB2A76E8E90090D210 /* FoodAppTests */,
				E02C6ED52A76E8E90090D210 /* FoodAppUITests */,
				E02C6EB32A76E8E40090D210 /* Products */,
			);
			sourceTree = "<group>";
		};
		E02C6EB32A76E8E40090D210 /* Products */ = {
			isa = PBXGroup;
			children = (
				E02C6EB22A76E8E40090D210 /* FoodApp.app */,
				E02C6EC82A76E8E90090D210 /* FoodAppTests.xctest */,
				E02C6ED22A76E8E90090D210 /* FoodAppUITests.xctest */,
			);
			name = Products;
			sourceTree = "<group>";
		};
		E02C6EB42A76E8E40090D210 /* FoodApp */ = {
			isa = PBXGroup;
			children = (
				E02C6EB52A76E8E40090D210 /* AppDelegate.swift */,
				E02C6EB72A76E8E40090D210 /* SceneDelegate.swift */,
				E02C6EB92A76E8E40090D210 /* ViewController.swift */,
				E02C6EBB2A76E8E40090D210 /* Main.storyboard */,
				E02C6EBE2A76E8E80090D210 /* Assets.xcassets */,
				E02C6EC02A76E8E80090D210 /* LaunchScreen.storyboard */,
				E02C6EC32A76E8E80090D210 /* Info.plist */,
			);
			path = FoodApp;
			sourceTree = "<group>";
		};
		E02C6ECB2A76E8E90090D210 /* FoodAppTests */ = {
			isa = PBXGroup;
			children = (
				E02C6ECC2A76E8E90090D210 /* FoodAppTests.swift */,
			);
			path = FoodAppTests;
			sourceTree = "<group>";
		};
		E02C6ED52A76E8E90090D210 /* FoodAppUITests */ = {
			isa = PBXGroup;
			children = (
				E02C6ED62A76E8E90090D210 /* FoodAppUITests.swift */,
				E02C6ED82A76E8E90090D210 /* FoodAppUITestsLaunchTests.swift */,
			);
			path = FoodAppUITests;
			sourceTree = "<group>";
		};
/* End PBXGroup section */

/* Begin PBXNativeTarget section */
		E02C6EB12A76E8E40090D210 /* FoodApp */ = {
			isa = PBXNativeTarget;
			buildConfigurationList = E02C6EDC2A76E8E90090D210 /* Build configuration list for PBXNativeTarget "FoodApp" */;
			buildPhases = (
				E02C6EAE2A76E8E40090D210 /* Sources */,
				E02C6EAF2A76E8E40090D210 /* Frameworks */,
				E02C6EB02A76E8E40090D210 /* Resources */,
			);
			buildRules = (
			);
			dependencies = (
			);
			name = FoodApp;
			productName = FoodApp;
			productReference = E02C6EB22A76E8E40090D210 /* FoodApp.app */;
			productType = "com.apple.product-type.application";
		};
		E02C6EC72A76E8E90090D210 /* FoodAppTests */ = {
			isa = PBXNativeTarget;
			buildConfigurationList = E02C6EDF2A76E8E90090D210 /* Build configuration list for PBXNativeTarget "FoodAppTests" */;
			buildPhases = (
				E02C6EC42A76E8E90090D210 /* Sources */,
				E02C6EC52A76E8E90090D210 /* Frameworks */,
				E02C6EC62A76E8E90090D210 /* Resources */,
			);
			buildRules = (
			);
			dependencies = (
				E02C6ECA2A76E8E90090D210 /* PBXTargetDependency */,
			);
			name = FoodAppTests;
			productName = FoodAppTests;
			productReference = E02C6EC82A76E8E90090D210 /* FoodAppTests.xctest */;
			productType = "com.apple.product-type.bundle.unit-test";
		};
		E02C6ED12A76E8E90090D210 /* FoodAppUITests */ = {
			isa = PBXNativeTarget;
			buildConfigurationList = E02C6EE22A76E8E90090D210 /* Build configuration list for PBXNativeTarget "FoodAppUITests" */;
			buildPhases = (
				E02C6ECE2A76E8E90090D210 /* Sources */,
				E02C6ECF2A76E8E90090D210 /* Frameworks */,
				E02C6ED02A76E8E90090D210 /* Resources */,
			);
			buildRules = (
			);
			dependencies = (
				E02C6ED42A76E8E90090D210 /* PBXTargetDependency */,
			);
			name = FoodAppUITests;
			productName = FoodAppUITests;
			productReference = E02C6ED22A76E8E90090D210 /* FoodAppUITests.xctest */;
			productType = "com.apple.product-type.bundle.ui-testing";
		};
/* End PBXNativeTarget section */

/* Begin PBXProject section */
		E02C6EAA2A76E8E40090D210 /* Project object */ = {
			isa = PBXProject;
			attributes = {
				BuildIndependentTargetsInParallel = 1;
				LastSwiftUpdateCheck = 1500;
				LastUpgradeCheck = 1500;
				TargetAttributes = {
					E02C6EB12A76E8E40090D210 = {
						CreatedOnToolsVersion = 15.0;
					};
					E02C6EC72A76E8E90090D210 = {
						CreatedOnToolsVersion = 15.0;
						TestTargetID = E02C6EB12A76E8E40090D210;
					};
					E02C6ED12A76E8E90090D210 = {
						CreatedOnToolsVersion = 15.0;
						TestTargetID = E02C6EB12A76E8E40090D210;
					};
				};
			};
			buildConfigurationList = E02C6EAD2A76E8E40090D210 /* Build configuration list for PBXProject "FoodApp" */;
			compatibilityVersion = "Xcode 14.0";
			developmentRegion = en;
			hasScannedForEncodings = 0;
			knownRegions = (
				en,
				Base,
			);
			mainGroup = E02C6EA92A76E8E40090D210;
			productRefGroup = E02C6EB32A76E8E40090D210 /* Products */;
			projectDirPath = "";
			projectRoot = "";
			targets = (
				E02C6EB12A76E8E40090D210 /* FoodApp */,
				E02C6EC72A76E8E90090D210 /* FoodAppTests */,
				E02C6ED12A76E8E90090D210 /* FoodAppUITests */,
			);
		};
/* End PBXProject section */

/* Begin PBXResourcesBuildPhase section */
		E02C6EB02A76E8E40090D210 /* Resources */ = {
			isa = PBXResourcesBuildPhase;
			buildActionMask = 2147483647;
			files = (
				E02C6EC22A76E8E80090D210 /* LaunchScreen.storyboard in Resources */,
				E02C6EBF2A76E8E80090D210 /* Assets.xcassets in Resources */,
				E02C6EBD2A76E8E40090D210 /* Main.storyboard in Resources */,
			);
			runOnlyForDeploymentPostprocessing = 0;
		};
		E02C6EC62A76E8E90090D210 /* Resources */ = {
			isa = PBXResourcesBuildPhase;
			buildActionMask = 2147483647;
			files = (
			);
			runOnlyForDeploymentPostprocessing = 0;
		};
		E02C6ED02A76E8E90090D210 /* Resources */ = {
			isa = PBXResourcesBuildPhase;
			buildActionMask = 2147483647;
			files = (
			);
			runOnlyForDeploymentPostprocessing = 0;
		};
/* End PBXResourcesBuildPhase section */

/* Begin PBXSourcesBuildPhase section */
		E02C6EAE2A76E8E40090D210 /* Sources */ = {
			isa = PBXSourcesBuildPhase;
			buildActionMask = 2147483647;
			files = (
				E02C6EBA2A76E8E40090D210 /* ViewController.swift in Sources */,
				E02C6EB62A76E8E40090D210 /* AppDelegate.swift in Sources */,
				E02C6EB82A76E8E40090D210 /* SceneDelegate.swift in Sources */,
			);
			runOnlyForDeploymentPostprocessing = 0;
		};
		E02C6EC42A76E8E90090D210 /* Sources */ = {
			isa = PBXSourcesBuildPhase;
			buildActionMask = 2147483647;
			files = (
				E02C6ECD2A76E8E90090D210 /* FoodAppTests.swift in Sources */,
			);
			runOnlyForDeploymentPostprocessing = 0;
		};
		E02C6ECE2A76E8E90090D210 /* Sources */ = {
			isa = PBXSourcesBuildPhase;
			buildActionMask = 2147483647;
			files = (
				E02C6ED92A76E8E90090D210 /* FoodAppUITestsLaunchTests.swift in Sources */,
				E02C6ED72A76E8E90090D210 /* FoodAppUITests.swift in Sources */,
			);
			runOnlyForDeploymentPostprocessing = 0;
		};
/* End PBXSourcesBuildPhase section */

/* Begin PBXTargetDependency section */
		E02C6ECA2A76E8E90090D210 /* PBXTargetDependency */ = {
			isa = PBXTargetDependency;
			target = E02C6EB12A76E8E40090D210 /* FoodApp */;
			targetProxy = E02C6EC92A76E8E90090D210 /* PBXContainerItemProxy */;
		};
		E02C6ED42A76E8E90090D210 /* PBXTargetDependency */ = {
			isa = PBXTargetDependency;
			target = E02C6EB12A76E8E40090D210 /* FoodApp */;
			targetProxy = E02C6ED32A76E8E90090D210 /* PBXContainerItemProxy */;
		};
/* End PBXTargetDependency section */

/* Begin PBXVariantGroup section */
		E02C6EBB2A76E8E40090D210 /* Main.storyboard */ = {
			isa = PBXVariantGroup;
			children = (
				E02C6EBC2A76E8E40090D210 /* Base */,
			);
			name = Main.storyboard;
			sourceTree = "<group>";
		};
		E02C6EC02A76E8E80090D210 /* LaunchScreen.storyboard */ = {
			isa = PBXVariantGroup;
			children = (
				E02C6EC12A76E8E80090D210 /* Base */,
			);
			name = LaunchScreen.storyboard;
			sourceTree = "<group>";
		};
/* End PBXVariantGroup section */

/* Begin XCBuildConfiguration section */
		E02C6EDA2A76E8E90090D210 /* Debug */ = {
			isa = XCBuildConfiguration;
			buildSettings = {
				ALWAYS_SEARCH_USER_PATHS = NO;
				ASSETCATALOG_COMPILER_GENERATE_SWIFT_ASSET_SYMBOL_EXTENSIONS = YES;
				CLANG_ANALYZER_NONNULL = YES;
				CLANG_ANALYZER_NUMBER_OBJECT_CONVERSION = YES_AGGRESSIVE;
				CLANG_CXX_LANGUAGE_STANDARD = "gnu++20";
				CLANG_ENABLE_MODULES = YES;
				CLANG_ENABLE_OBJC_ARC = YES;
				CLANG_ENABLE_OBJC_WEAK = YES;
				CLANG_WARN_BLOCK_CAPTURE_AUTORELEASING = YES;
				CLANG_WARN_BOOL_CONVERSION = YES;
				CLANG_WARN_COMMA = YES;
				CLANG_WARN_CONSTANT_CONVERSION = YES;
				CLANG_WARN_DEPRECATED_OBJC_IMPLEMENTATIONS = YES;
				CLANG_WARN_DIRECT_OBJC_ISA_USAGE = YES_ERROR;
				CLANG_WARN_DOCUMENTATION_COMMENTS = YES;
				CLANG_WARN_EMPTY_BODY = YES;
				CLANG_WARN_ENUM_CONVERSION = YES;
				CLANG_WARN_INFINITE_RECURSION = YES;
				CLANG_WARN_INT_CONVERSION = YES;
				CLANG_WARN_NON_LITERAL_NULL_CONVERSION = YES;
				CLANG_WARN_OBJC_IMPLICIT_RETAIN_SELF = YES;
				CLANG_WARN_OBJC_LITERAL_CONVERSION = YES;
				CLANG_WARN_OBJC_ROOT_CLASS = YES_ERROR;
				CLANG_WARN_QUOTED_INCLUDE_IN_FRAMEWORK_HEADER = YES;
				CLANG_WARN_RANGE_LOOP_ANALYSIS = YES;
				CLANG_WARN_STRICT_PROTOTYPES = YES;
				CLANG_WARN_SUSPICIOUS_MOVE = YES;
				CLANG_WARN_UNGUARDED_AVAILABILITY = YES_AGGRESSIVE;
				CLANG_WARN_UNREACHABLE_CODE = YES;
				CLANG_WARN__DUPLICATE_METHOD_MATCH = YES;
				COPY_PHASE_STRIP = NO;
				DEBUG_INFORMATION_FORMAT = dwarf;
				ENABLE_STRICT_OBJC_MSGSEND = YES;
				ENABLE_TESTABILITY = YES;
				ENABLE_USER_SCRIPT_SANDBOXING = YES;
				GCC_C_LANGUAGE_STANDARD = gnu17;
				GCC_DYNAMIC_NO_PIC = NO;
				GCC_NO_COMMON_BLOCKS = YES;
				GCC_OPTIMIZATION_LEVEL = 0;
				GCC_PREPROCESSOR_DEFINITIONS = (
					"DEBUG=1",
					"$(inherited)",
				);
				GCC_WARN_64_TO_32_BIT_CONVERSION = YES;
				GCC_WARN_ABOUT_RETURN_TYPE = YES_ERROR;
				GCC_WARN_UNDECLARED_SELECTOR = YES;
				GCC_WARN_UNINITIALIZED_AUTOS = YES_AGGRESSIVE;
				GCC_WARN_UNUSED_FUNCTION = YES;
				GCC_WARN_UNUSED_VARIABLE = YES;
				IPHONEOS_DEPLOYMENT_TARGET = 17.0;
				LOCALIZATION_PREFERS_STRING_CATALOGS = YES;
				MTL_ENABLE_DEBUG_INFO = INCLUDE_SOURCE;
				MTL_FAST_MATH = YES;
				ONLY_ACTIVE_ARCH = YES;
				SDKROOT = iphoneos;
				SWIFT_ACTIVE_COMPILATION_CONDITIONS = "DEBUG $(inherited)";
				SWIFT_OPTIMIZATION_LEVEL = "-Onone";
			};
			name = Debug;
		};
		E02C6EDB2A76E8E90090D210 /* Release */ = {
			isa = XCBuildConfiguration;
			buildSettings = {
				ALWAYS_SEARCH_USER_PATHS = NO;
				ASSETCATALOG_COMPILER_GENERATE_SWIFT_ASSET_SYMBOL_EXTENSIONS = YES;
				CLANG_ANALYZER_NONNULL = YES;
				CLANG_ANALYZER_NUMBER_OBJECT_CONVERSION = YES_AGGRESSIVE;
				CLANG_CXX_LANGUAGE_STANDARD = "gnu++20";
				CLANG_ENABLE_MODULES = YES;
				CLANG_ENABLE_OBJC_ARC = YES;
				CLANG_ENABLE_OBJC_WEAK = YES;
				CLANG_WARN_BLOCK_CAPTURE_AUTORELEASING = YES;
				CLANG_WARN_BOOL_CONVERSION = YES;
				CLANG_WARN_COMMA = YES;
				CLANG_WARN_CONSTANT_CONVERSION = YES;
				CLANG_WARN_DEPRECATED_OBJC_IMPLEMENTATIONS = YES;
				CLANG_WARN_DIRECT_OBJC_ISA_USAGE = YES_ERROR;
				CLANG_WARN_DOCUMENTATION_COMMENTS = YES;
				CLANG_WARN_EMPTY_BODY = YES;
				CLANG_WARN_ENUM_CONVERSION = YES;
				CLANG_WARN_INFINITE_RECURSION = YES;
				CLANG_WARN_INT_CONVERSION = YES;
				CLANG_WARN_NON_LITERAL_NULL_CONVERSION = YES;
				CLANG_WARN_OBJC_IMPLICIT_RETAIN_SELF = YES;
				CLANG_WARN_OBJC_LITERAL_CONVERSION = YES;
				CLANG_WARN_OBJC_ROOT_CLASS = YES_ERROR;
				CLANG_WARN_QUOTED_INCLUDE_IN_FRAMEWORK_HEADER = YES;
				CLANG_WARN_RANGE_LOOP_ANALYSIS = YES;
				CLANG_WARN_STRICT_PROTOTYPES = YES;
				CLANG_WARN_SUSPICIOUS_MOVE = YES;
				CLANG_WARN_UNGUARDED_AVAILABILITY = YES_AGGRESSIVE;
				CLANG_WARN_UNREACHABLE_CODE = YES;
				CLANG_WARN__DUPLICATE_METHOD_MATCH = YES;
				COPY_PHASE_STRIP = NO;
				DEBUG_INFORMATION_FORMAT = "dwarf-with-dsym";
				ENABLE_NS_ASSERTIONS = NO;
				ENABLE_STRICT_OBJC_MSGSEND = YES;
				ENABLE_USER_SCRIPT_SANDBOXING = YES;
				GCC_C_LANGUAGE_STANDARD = gnu17;
				GCC_NO_COMMON_BLOCKS = YES;
				GCC_WARN_64_TO_32_BIT_CONVERSION = YES;
				GCC_WARN_ABOUT_RETURN_TYPE = YES_ERROR;
				GCC_WARN_UNDECLARED_SELECTOR = YES;
				GCC_WARN_UNINITIALIZED_AUTOS = YES_AGGRESSIVE;
				GCC_WARN_UNUSED_FUNCTION = YES;
				GCC_WARN_UNUSED_VARIABLE = YES;
				IPHONEOS_DEPLOYMENT_TARGET = 17.0;
				LOCALIZATION_PREFERS_STRING_CATALOGS = YES;
				MTL_ENABLE_DEBUG_INFO = NO;
				MTL_FAST_MATH = YES;
				SDKROOT = iphoneos;
				SWIFT_COMPILATION_MODE = wholemodule;
				VALIDATE_PRODUCT = YES;
			};
			name = Release;
		};
		E02C6EDD2A76E8E90090D210 /* Debug */ = {
			isa = XCBuildConfiguration;
			buildSettings = {
				ASSETCATALOG_COMPILER_APPICON_NAME = AppIcon;
				ASSETCATALOG_COMPILER_GLOBAL_ACCENT_COLOR_NAME = AccentColor;
				CODE_SIGN_STYLE = Automatic;
				CURRENT_PROJECT_VERSION = 1;
				DEVELOPMENT_TEAM = SP735LY8CT;
				GENERATE_INFOPLIST_FILE = YES;
				INFOPLIST_FILE = FoodApp/Info.plist;
				INFOPLIST_KEY_UIApplicationSupportsIndirectInputEvents = YES;
				INFOPLIST_KEY_UILaunchStoryboardName = LaunchScreen;
				INFOPLIST_KEY_UIMainStoryboardFile = Main;
				INFOPLIST_KEY_UISupportedInterfaceOrientations_iPad = "UIInterfaceOrientationPortrait UIInterfaceOrientationPortraitUpsideDown UIInterfaceOrientationLandscapeLeft UIInterfaceOrientationLandscapeRight";
				INFOPLIST_KEY_UISupportedInterfaceOrientations_iPhone = "UIInterfaceOrientationPortrait UIInterfaceOrientationLandscapeLeft UIInterfaceOrientationLandscapeRight";
				LD_RUNPATH_SEARCH_PATHS = (
					"$(inherited)",
					"@executable_path/Frameworks",
				);
				MARKETING_VERSION = 1.0;
				PRODUCT_BUNDLE_IDENTIFIER = "Madhur-Bharti.FoodApp";
				PRODUCT_NAME = "$(TARGET_NAME)";
				SWIFT_EMIT_LOC_STRINGS = YES;
				SWIFT_VERSION = 5.0;
				TARGETED_DEVICE_FAMILY = "1,2";
			};
			name = Debug;
		};
		E02C6EDE2A76E8E90090D210 /* Release */ = {
			isa = XCBuildConfiguration;
			buildSettings = {
				ASSETCATALOG_COMPILER_APPICON_NAME = AppIcon;
				ASSETCATALOG_COMPILER_GLOBAL_ACCENT_COLOR_NAME = AccentColor;
				CODE_SIGN_STYLE = Automatic;
				CURRENT_PROJECT_VERSION = 1;
				DEVELOPMENT_TEAM = SP735LY8CT;
				GENERATE_INFOPLIST_FILE = YES;
				INFOPLIST_FILE = FoodApp/Info.plist;
				INFOPLIST_KEY_UIApplicationSupportsIndirectInputEvents = YES;
				INFOPLIST_KEY_UILaunchStoryboardName = LaunchScreen;
				INFOPLIST_KEY_UIMainStoryboardFile = Main;
				INFOPLIST_KEY_UISupportedInterfaceOrientations_iPad = "UIInterfaceOrientationPortrait UIInterfaceOrientationPortraitUpsideDown UIInterfaceOrientationLandscapeLeft UIInterfaceOrientationLandscapeRight";
				INFOPLIST_KEY_UISupportedInterfaceOrientations_iPhone = "UIInterfaceOrientationPortrait UIInterfaceOrientationLandscapeLeft UIInterfaceOrientationLandscapeRight";
				LD_RUNPATH_SEARCH_PATHS = (
					"$(inherited)",
					"@executable_path/Frameworks",
				);
				MARKETING_VERSION = 1.0;
				PRODUCT_BUNDLE_IDENTIFIER = "Madhur-Bharti.FoodApp";
				PRODUCT_NAME = "$(TARGET_NAME)";
				SWIFT_EMIT_LOC_STRINGS = YES;
				SWIFT_VERSION = 5.0;
				TARGETED_DEVICE_FAMILY = "1,2";
			};
			name = Release;
		};
		E02C6EE02A76E8E90090D210 /* Debug */ = {
			isa = XCBuildConfiguration;
			buildSettings = {
				ALWAYS_EMBED_SWIFT_STANDARD_LIBRARIES = YES;
				BUNDLE_LOADER = "$(TEST_HOST)";
				CODE_SIGN_STYLE = Automatic;
				CURRENT_PROJECT_VERSION = 1;
				DEVELOPMENT_TEAM = SP735LY8CT;
				GENERATE_INFOPLIST_FILE = YES;
				IPHONEOS_DEPLOYMENT_TARGET = 17.0;
				MARKETING_VERSION = 1.0;
				PRODUCT_BUNDLE_IDENTIFIER = "Madhur-Bharti.FoodAppTests";
				PRODUCT_NAME = "$(TARGET_NAME)";
				SWIFT_EMIT_LOC_STRINGS = NO;
				SWIFT_VERSION = 5.0;
				TARGETED_DEVICE_FAMILY = "1,2";
				TEST_HOST = "$(BUILT_PRODUCTS_DIR)/FoodApp.app/$(BUNDLE_EXECUTABLE_FOLDER_PATH)/FoodApp";
			};
			name = Debug;
		};
		E02C6EE12A76E8E90090D210 /* Release */ = {
			isa = XCBuildConfiguration;
			buildSettings = {
				ALWAYS_EMBED_SWIFT_STANDARD_LIBRARIES = YES;
				BUNDLE_LOADER = "$(TEST_HOST)";
				CODE_SIGN_STYLE = Automatic;
				CURRENT_PROJECT_VERSION = 1;
				DEVELOPMENT_TEAM = SP735LY8CT;
				GENERATE_INFOPLIST_FILE = YES;
				IPHONEOS_DEPLOYMENT_TARGET = 17.0;
				MARKETING_VERSION = 1.0;
				PRODUCT_BUNDLE_IDENTIFIER = "Madhur-Bharti.FoodAppTests";
				PRODUCT_NAME = "$(TARGET_NAME)";
				SWIFT_EMIT_LOC_STRINGS = NO;
				SWIFT_VERSION = 5.0;
				TARGETED_DEVICE_FAMILY = "1,2";
				TEST_HOST = "$(BUILT_PRODUCTS_DIR)/FoodApp.app/$(BUNDLE_EXECUTABLE_FOLDER_PATH)/FoodApp";
			};
			name = Release;
		};
		E02C6EE32A76E8E90090D210 /* Debug */ = {
			isa = XCBuildConfiguration;
			buildSettings = {
				ALWAYS_EMBED_SWIFT_STANDARD_LIBRARIES = YES;
				CODE_SIGN_STYLE = Automatic;
				CURRENT_PROJECT_VERSION = 1;
				DEVELOPMENT_TEAM = SP735LY8CT;
				GENERATE_INFOPLIST_FILE = YES;
				MARKETING_VERSION = 1.0;
				PRODUCT_BUNDLE_IDENTIFIER = "Madhur-Bharti.FoodAppUITests";
				PRODUCT_NAME = "$(TARGET_NAME)";
				SWIFT_EMIT_LOC_STRINGS = NO;
				SWIFT_VERSION = 5.0;
				TARGETED_DEVICE_FAMILY = "1,2";
				TEST_TARGET_NAME = FoodApp;
			};
			name = Debug;
		};
		E02C6EE42A76E8E90090D210 /* Release */ = {
			isa = XCBuildConfiguration;
			buildSettings = {
				ALWAYS_EMBED_SWIFT_STANDARD_LIBRARIES = YES;
				CODE_SIGN_STYLE = Automatic;
				CURRENT_PROJECT_VERSION = 1;
				DEVELOPMENT_TEAM = SP735LY8CT;
				GENERATE_INFOPLIST_FILE = YES;
				MARKETING_VERSION = 1.0;
				PRODUCT_BUNDLE_IDENTIFIER = "Madhur-Bharti.FoodAppUITests";
				PRODUCT_NAME = "$(TARGET_NAME)";
				SWIFT_EMIT_LOC_STRINGS = NO;
				SWIFT_VERSION = 5.0;
				TARGETED_DEVICE_FAMILY = "1,2";
				TEST_TARGET_NAME = FoodApp;
			};
			name = Release;
		};
/* End XCBuildConfiguration section */

/* Begin XCConfigurationList section */
		E02C6EAD2A76E8E40090D210 /* Build configuration list for PBXProject "FoodApp" */ = {
			isa = XCConfigurationList;
			buildConfigurations = (
				E02C6EDA2A76E8E90090D210 /* Debug */,
				E02C6EDB2A76E8E90090D210 /* Release */,
			);
			defaultConfigurationIsVisible = 0;
			defaultConfigurationName = Release;
		};
		E02C6EDC2A76E8E90090D210 /* Build configuration list for PBXNativeTarget "FoodApp" */ = {
			isa = XCConfigurationList;
			buildConfigurations = (
				E02C6EDD2A76E8E90090D210 /* Debug */,
				E02C6EDE2A76E8E90090D210 /* Release */,
			);
			defaultConfigurationIsVisible = 0;
			defaultConfigurationName = Release;
		};
		E02C6EDF2A76E8E90090D210 /* Build configuration list for PBXNativeTarget "FoodAppTests" */ = {
			isa = XCConfigurationList;
			buildConfigurations = (
				E02C6EE02A76E8E90090D210 /* Debug */,
				E02C6EE12A76E8E90090D210 /* Release */,
			);
			defaultConfigurationIsVisible = 0;
			defaultConfigurationName = Release;
		};
		E02C6EE22A76E8E90090D210 /* Build configuration list for PBXNativeTarget "FoodAppUITests" */ = {
			isa = XCConfigurationList;
			buildConfigurations = (
				E02C6EE32A76E8E90090D210 /* Debug */,
				E02C6EE42A76E8E90090D210 /* Release */,
			);
			defaultConfigurationIsVisible = 0;
			defaultConfigurationName = Release;
		};
/* End XCConfigurationList section */
	};
	rootObject = E02C6EAA2A76E8E40090D210 /* Project object */;
}
